
Microsoft Visual Studio Solution File, Format Version 12.00
# Visual Studio Version 16
VisualStudioVersion = 16.0.30907.101
MinimumVisualStudioVersion = 10.0.40219.1
Project("{9A19103F-16F7-4668-BE54-9A1E7A4F7556}") = "FixProject.Server", "FixProject.Server\FixProject.Server.csproj", "{0E03F60A-226A-4B18-B82A-1205C3F7499F}"
EndProject
Project("{9A19103F-16F7-4668-BE54-9A1E7A4F7556}") = "Application", "Application\Application.csproj", "{60A306BF-E828-4AB3-B1BA-746249811FA2}"
EndProject
Project("{9A19103F-16F7-4668-BE54-9A1E7A4F7556}") = "FixProject.Client", "FixProject.Client\FixProject.Client.csproj", "{34248DF1-6FF6-43CC-9DD5-BD80F94F2CF2}"
EndProject
Global
	GlobalSection(SolutionConfigurationPlatforms) = preSolution
		Debug|Any CPU = Debug|Any CPU
		Release|Any CPU = Release|Any CPU
	EndGlobalSection
	GlobalSection(ProjectConfigurationPlatforms) = postSolution
		{0E03F60A-226A-4B18-B82A-1205C3F7499F}.Debug|Any CPU.ActiveCfg = Debug|Any CPU
		{0E03F60A-226A-4B18-B82A-1205C3F7499F}.Debug|Any CPU.Build.0 = Debug|Any CPU
		{0E03F60A-226A-4B18-B82A-1205C3F7499F}.Release|Any CPU.ActiveCfg = Release|Any CPU
		{0E03F60A-226A-4B18-B82A-1205C3F7499F}.Release|Any CPU.Build.0 = Release|Any CPU
		{60A306BF-E828-4AB3-B1BA-746249811FA2}.Debug|Any CPU.ActiveCfg = Debug|Any CPU
		{60A306BF-E828-4AB3-B1BA-746249811FA2}.Debug|Any CPU.Build.0 = Debug|Any CPU
		{60A306BF-E828-4AB3-B1BA-746249811FA2}.Release|Any CPU.ActiveCfg = Release|Any CPU
		{60A306BF-E828-4AB3-B1BA-746249811FA2}.Release|Any CPU.Build.0 = Release|Any CPU
		{34248DF1-6FF6-43CC-9DD5-BD80F94F2CF2}.Debug|Any CPU.ActiveCfg = Debug|Any CPU
		{34248DF1-6FF6-43CC-9DD5-BD80F94F2CF2}.Debug|Any CPU.Build.0 = Debug|Any CPU
		{34248DF1-6FF6-43CC-9DD5-BD80F94F2CF2}.Release|Any CPU.ActiveCfg = Release|Any CPU
		{34248DF1-6FF6-43CC-9DD5-BD80F94F2CF2}.Release|Any CPU.Build.0 = Release|Any CPU
	EndGlobalSection
	GlobalSection(SolutionProperties) = preSolution
		HideSolutionNode = FALSE
	EndGlobalSection
	GlobalSection(ExtensibilityGlobals) = postSolution
		SolutionGuid = {937562BF-9FE1-4C77-B04D-2673B9067A95}
	EndGlobalSection
EndGlobal
